dependencies:
  espressif/esp-serial-flasher:
    component_hash: bc6eb4614dba8c0ccf48de0d9893205c99eb8611072f4d1f0f858145ecaa5155
    source:
      service_url: https://api.components.espressif.com/
      type: service
    version: 0.3.1
  espressif/esp-zboss-lib:
    component_hash: 381124d25357bb81a509334b8af142105543819ceb2722a304e6fa9b4a8da04d
    source:
      service_url: https://api.components.espressif.com/
      type: service
    version: 1.0.0
  espressif/esp-zigbee-lib:
    component_hash: 938235857f22574c162e891fb1192f0d62d529a9201cfcd0429c28155ebe8918
    source:
      service_url: https://api.components.espressif.com/
      type: service
    version: 1.0.0
  espressif/esp_lcd_touch:
    component_hash: 6cc76832cda51d73353a7e8d7aa07073d6cdb75b1ad66e2d98badd768f6c830a
    source:
      service_url: https://api.components.espressif.com/
      type: service
    version: 1.1.0
  espressif/esp_lcd_touch_ft5x06:
    component_hash: 97759953d9436a365e9427078c5b04ecce4e6a50f50cf62c68cd6bfa229b812c
    source:
      service_url: https://api.components.espressif.com/
      type: service
    version: 1.0.6
  espressif/esp_lcd_touch_gt911:
    component_hash: 20ac25d1439dbe177764dbed9cd868388fecb052380b5349f2e9e370013ca76a
    source:
      service_url: https://api.components.espressif.com/
      type: service
    version: 1.1.0
  espressif/esp_lcd_touch_tt21100:
    component_hash: 3670f6f3d68c120d680d70ffdf2dc10f6c2a5bea8c0e87521fb92ac2af1f94c5
    source:
      service_url: https://api.components.espressif.com/
      type: service
    version: 1.1.0
  espressif/esp_rcp_update:
    component_hash: ae148f1c4cd8466cd3b8bf84fce30030f28a0e76c79d08e756be84d820096fc1
    source:
      service_url: https://api.components.espressif.com/
      type: service
    version: 1.0.1
  idf:
    component_hash: null
    source:
      type: idf
    version: 5.1.1
manifest_hash: 9436fe932756d1ec0a9df33e0ad622b8b864223354fae8c455497131d98bfbee
target: esp32s3
version: 1.0.0
