dependencies:
  espressif/esp-serial-flasher:
    component_hash: 8c6024d8901be7aa32d0838f773d5afba88f1aca52254a6c66f6aa91eeb7925e
    source:
      service_url: https://api.components.espressif.com/
      type: service
    version: 0.4.2
  espressif/esp-zboss-lib:
    component_hash: f432e403fad80e2fa9cbae5631da7406796e4a52b2ee6233937e90eabbb65182
    source:
      service_url: https://api.components.espressif.com/
      type: service
    version: 1.0.3
  espressif/esp-zigbee-lib:
    component_hash: fd768b7d4aa5363d32d9afe1f5eabab23240a220fba5884e9041a4db0dfd9e44
    source:
      service_url: https://api.components.espressif.com/
      type: service
    version: 1.0.4
  espressif/esp_lcd_touch:
    component_hash: d4d8f2dc33205797169a97a02e0d89a8982f59fe0509129b54422052b8522f59
    source:
      service_url: https://api.components.espressif.com/
      type: service
    version: 1.1.1
  espressif/esp_lcd_touch_ft5x06:
    component_hash: 97759953d9436a365e9427078c5b04ecce4e6a50f50cf62c68cd6bfa229b812c
    source:
      service_url: https://api.components.espressif.com/
      type: service
    version: 1.0.6
  espressif/esp_rcp_update:
    component_hash: ae148f1c4cd8466cd3b8bf84fce30030f28a0e76c79d08e756be84d820096fc1
    source:
      service_url: https://api.components.espressif.com/
      type: service
    version: 1.0.1
  idf:
    component_hash: null
    source:
      type: idf
    version: 5.1.2
manifest_hash: eb70a7860a976257625890c38cc408ce7e478e6914a9d2a031422e944eebac85
target: esp32s3
version: 1.0.0
